
Microsoft Visual Studio Solution File, Format Version 12.00
# Visual Studio 2015
Project("{FAE04EC0-301F-11D3-BF4B-00C04F79EFBC}") = "tank.io.CSharp.Plugins", "tank.io.CSharp.Plugins.csproj", "{FFED2FB9-BF67-6FE5-3A03-142C9C7F11F5}"
EndProject
Project("{FAE04EC0-301F-11D3-BF4B-00C04F79EFBC}") = "tank.io.CSharp", "tank.io.CSharp.csproj", "{65D4E171-3B0F-4F19-C801-9F37C5176BA1}"
EndProject
Global
	GlobalSection(SolutionConfigurationPlatforms) = preSolution
		Debug|Any CPU = Debug|Any CPU
		Release|Any CPU = Release|Any CPU
	EndGlobalSection
	GlobalSection(ProjectConfigurationPlatforms) = postSolution
		{FFED2FB9-BF67-6FE5-3A03-142C9C7F11F5}.Debug|Any CPU.ActiveCfg = Debug|Any CPU
		{FFED2FB9-BF67-6FE5-3A03-142C9C7F11F5}.Debug|Any CPU.Build.0 = Debug|Any CPU
		{FFED2FB9-BF67-6FE5-3A03-142C9C7F11F5}.Release|Any CPU.ActiveCfg = Release|Any CPU
		{FFED2FB9-BF67-6FE5-3A03-142C9C7F11F5}.Release|Any CPU.Build.0 = Release|Any CPU
		{65D4E171-3B0F-4F19-C801-9F37C5176BA1}.Debug|Any CPU.ActiveCfg = Debug|Any CPU
		{65D4E171-3B0F-4F19-C801-9F37C5176BA1}.Debug|Any CPU.Build.0 = Debug|Any CPU
		{65D4E171-3B0F-4F19-C801-9F37C5176BA1}.Release|Any CPU.ActiveCfg = Release|Any CPU
		{65D4E171-3B0F-4F19-C801-9F37C5176BA1}.Release|Any CPU.Build.0 = Release|Any CPU
	EndGlobalSection
	GlobalSection(SolutionProperties) = preSolution
		HideSolutionNode = FALSE
	EndGlobalSection
EndGlobal
